
Microsoft Visual Studio Solution File, Format Version 12.00
# Visual Studio Version 17
VisualStudioVersion = 17.9.34723.18
MinimumVisualStudioVersion = 10.0.40219.1
Project("{FAE04EC0-301F-11D3-BF4B-00C04F79EFBC}") = "csharp_11", "csharp_11\csharp_11.csproj", "{800B8DDD-EEA0-4DA4-8CB4-234441C42E28}"
EndProject
Global
	GlobalSection(SolutionConfigurationPlatforms) = preSolution
		Debug|Any CPU = Debug|Any CPU
		Release|Any CPU = Release|Any CPU
	EndGlobalSection
	GlobalSection(ProjectConfigurationPlatforms) = postSolution
		{800B8DDD-EEA0-4DA4-8CB4-234441C42E28}.Debug|Any CPU.ActiveCfg = Debug|Any CPU
		{800B8DDD-EEA0-4DA4-8CB4-234441C42E28}.Debug|Any CPU.Build.0 = Debug|Any CPU
		{800B8DDD-EEA0-4DA4-8CB4-234441C42E28}.Release|Any CPU.ActiveCfg = Release|Any CPU
		{800B8DDD-EEA0-4DA4-8CB4-234441C42E28}.Release|Any CPU.Build.0 = Release|Any CPU
	EndGlobalSection
	GlobalSection(SolutionProperties) = preSolution
		HideSolutionNode = FALSE
	EndGlobalSection
	GlobalSection(ExtensibilityGlobals) = postSolution
		SolutionGuid = {4C0E7EC9-3B5D-4DA3-BE42-E3FA96E2F622}
	EndGlobalSection
EndGlobal
